{
  "lockfileVersion": 1,
  "workspaces": {
    "": {
      "name": "natsukimiyu",
      "dependencies": {
        "@mtcute/bun": "^0.22.3",
        "@mtcute/dispatcher": "^0.22.2",
        "@napi-rs/canvas": "^0.1.69",
        "@node-rs/jieba": "^2.0.1",
        "croner": "^9.0.0",
        "google-sr": "^5.0.0",
      },
      "devDependencies": {
        "@types/bun": "latest",
      },
      "peerDependencies": {
        "typescript": "^5.8.2",
      },
    },
  },
  "packages": {
    "@emnapi/core": ["@emnapi/core@1.4.0", "https://registry.npmmirror.com/@emnapi/core/-/core-1.4.0.tgz", { "dependencies": { "@emnapi/wasi-threads": "1.0.1", "tslib": "^2.4.0" } }, "sha512-H+N/FqT07NmLmt6OFFtDfwe8PNygprzBikrEMyQfgqSmT0vzE515Pz7R8izwB9q/zsH/MA64AKoul3sA6/CzVg=="],

    "@emnapi/runtime": ["@emnapi/runtime@1.4.0", "https://registry.npmmirror.com/@emnapi/runtime/-/runtime-1.4.0.tgz", { "dependencies": { "tslib": "^2.4.0" } }, "sha512-64WYIf4UYcdLnbKn/umDlNjQDSS8AgZrI/R9+x5ilkUVFxXcA1Ebl+gQLc/6mERA4407Xof0R7wEyEuj091CVw=="],

    "@emnapi/wasi-threads": ["@emnapi/wasi-threads@1.0.1", "https://registry.npmmirror.com/@emnapi/wasi-threads/-/wasi-threads-1.0.1.tgz", { "dependencies": { "tslib": "^2.4.0" } }, "sha512-iIBu7mwkq4UQGeMEM8bLwNK962nXdhodeScX4slfQnRhEMMzvYivHhutCIk8uojvmASXXPC2WNEjwxFWk72Oqw=="],

    "@fuman/bun": ["@fuman/bun@0.0.9", "https://registry.npmmirror.com/@fuman/bun/-/bun-0.0.9.tgz", { "dependencies": { "@fuman/io": "^0.0.8", "@fuman/net": "^0.0.9", "@fuman/utils": "^0.0.4" } }, "sha512-W21lJRs1vp+HrID/Qtb12XB6u5YEoJobEcwyDwdRgBHSJgM9h3WKu7AtPhpe6Sy+Hfxv3EakRRxlKeNiltYP2g=="],

    "@fuman/io": ["@fuman/io@0.0.8", "https://registry.npmmirror.com/@fuman/io/-/io-0.0.8.tgz", { "dependencies": { "@fuman/utils": "^0.0.4" } }, "sha512-+cRZ2JOMYceNQ2Rh6UYro5XVa11j29Sdd3Yhi4GfxAx6ZwCNIw3P80xcTRwCZSfMPLDNN9Etkq7NIc5v9lpItw=="],

    "@fuman/net": ["@fuman/net@0.0.9", "https://registry.npmmirror.com/@fuman/net/-/net-0.0.9.tgz", { "dependencies": { "@fuman/io": "^0.0.8", "@fuman/utils": "^0.0.4" } }, "sha512-asn7VJbT8woVXAFCUMZrdyNZCSsXZclraeVZ6RYJ+T3RwQ+JfMMZtXLLTZ7XHrBPxk8x8hoHOJa/Fnyfm+ggbQ=="],

    "@fuman/utils": ["@fuman/utils@0.0.4", "https://registry.npmmirror.com/@fuman/utils/-/utils-0.0.4.tgz", {}, "sha512-YBZIlGDbM8s9G85pWFZJ9wQrDY4511XLHZ06/uxZfXBY0eSStwje8JFNmRMNF0SjRk4D3iRmPl9wirHKTkg89w=="],

    "@mtcute/bun": ["@mtcute/bun@0.22.3", "https://registry.npmmirror.com/@mtcute/bun/-/bun-0.22.3.tgz", { "dependencies": { "@fuman/bun": "0.0.9", "@fuman/io": "0.0.8", "@fuman/net": "0.0.9", "@fuman/utils": "0.0.4", "@mtcute/core": "^0.22.3", "@mtcute/html-parser": "^0.22.1", "@mtcute/markdown-parser": "^0.22.3", "@mtcute/wasm": "^0.22.3" } }, "sha512-An4KWMJYAoYWvEXvZRp96FglO6IAYzOK1+G837sbU5KBb6Xhx7dFwTLAfT2myWyR+rliT+RqJ2pFJ+jKEVm9pg=="],

    "@mtcute/core": ["@mtcute/core@0.22.3", "https://registry.npmmirror.com/@mtcute/core/-/core-0.22.3.tgz", { "dependencies": { "@fuman/io": "0.0.8", "@fuman/net": "0.0.9", "@fuman/utils": "0.0.4", "@mtcute/file-id": "^0.22.0", "@mtcute/tl": "^200.0.0", "@mtcute/tl-runtime": "^0.22.0", "@types/events": "3.0.0", "long": "5.2.3" } }, "sha512-oyCSliNUBsLlHn4aNPfB/lWEleZFGk1dhcmC0LoVlqHvZN22/RiwRDxJPdlGqjfq6/dSmNbz+n7EZjna3CB1dA=="],

    "@mtcute/dispatcher": ["@mtcute/dispatcher@0.22.2", "https://registry.npmmirror.com/@mtcute/dispatcher/-/dispatcher-0.22.2.tgz", { "dependencies": { "@fuman/utils": "0.0.4", "@mtcute/core": "^0.22.2" } }, "sha512-pkvm1eLBD5SILcZjFHhHTaWw6eX8arygsyJNFh1R6IQLAOZmgRucDaj0rQD+vNJzEJJNFsvZABc0yq+IVvi3jA=="],

    "@mtcute/file-id": ["@mtcute/file-id@0.22.0", "https://registry.npmmirror.com/@mtcute/file-id/-/file-id-0.22.0.tgz", { "dependencies": { "@fuman/utils": "0.0.4", "@mtcute/tl-runtime": "^0.22.0", "long": "5.2.3" } }, "sha512-siY+eGrfYvTuC2xuyf4oaD09ZpaLtG2qrOlwdEpwXFnyjjavsQyWkyPwAemTPclcRuYB+/axD9+RBhj3EGBNSQ=="],

    "@mtcute/html-parser": ["@mtcute/html-parser@0.22.1", "https://registry.npmmirror.com/@mtcute/html-parser/-/html-parser-0.22.1.tgz", { "dependencies": { "@mtcute/core": "^0.22.0", "htmlparser2": "^10.0.0", "long": "5.2.3" } }, "sha512-KojNrJPvbsRyzc0pBbRrU03VZfgRRj+gkWBP+lcXJgdM+SypGkxUM2wQMxCwsRQ8JVGAmGLna1IPrYoiBW0rJw=="],

    "@mtcute/markdown-parser": ["@mtcute/markdown-parser@0.22.3", "https://registry.npmmirror.com/@mtcute/markdown-parser/-/markdown-parser-0.22.3.tgz", { "dependencies": { "@mtcute/core": "^0.22.3", "long": "5.2.3" } }, "sha512-kg7oOEX69Y5LJd2E52uLZWilSetbEHWSO8R1XVrI0ONaL3T2NnGDaGZGI80KuI4CCpNyWdDqB6EggoBeQJshnA=="],

    "@mtcute/tl": ["@mtcute/tl@200.0.0", "https://registry.npmmirror.com/@mtcute/tl/-/tl-200.0.0.tgz", { "dependencies": { "long": "5.2.3" } }, "sha512-YMiWjLMtqRSoUxcJbrCt2a8VWbIYDkvmipOmvNR2oAFzFmYmYXjR+jYDnbt1zmBoRWc3IrwddqdkVGK99Sc4bQ=="],

    "@mtcute/tl-runtime": ["@mtcute/tl-runtime@0.22.0", "https://registry.npmmirror.com/@mtcute/tl-runtime/-/tl-runtime-0.22.0.tgz", { "dependencies": { "@fuman/utils": "0.0.4", "long": "5.2.3" } }, "sha512-t4ThFk7gCrgMa5sx+C+2qDwKmNuWLKMK/75oGYhsa7IJLgdGc+s4F+SM5TA0DynmG/sUh2BfYNZr6/rotJM01A=="],

    "@mtcute/wasm": ["@mtcute/wasm@0.22.3", "https://registry.npmmirror.com/@mtcute/wasm/-/wasm-0.22.3.tgz", {}, "sha512-YyzxgWcx30HYuBsxvu43IDekIXV2u5xhdEPXqf7SCYDvWDZtQJ2ox3s4BPspRJ0LiKuYtaY4pdny+7I741Hcog=="],

    "@napi-rs/canvas": ["@napi-rs/canvas@0.1.69", "https://registry.npmmirror.com/@napi-rs/canvas/-/canvas-0.1.69.tgz", { "optionalDependencies": { "@napi-rs/canvas-android-arm64": "0.1.69", "@napi-rs/canvas-darwin-arm64": "0.1.69", "@napi-rs/canvas-darwin-x64": "0.1.69", "@napi-rs/canvas-linux-arm-gnueabihf": "0.1.69", "@napi-rs/canvas-linux-arm64-gnu": "0.1.69", "@napi-rs/canvas-linux-arm64-musl": "0.1.69", "@napi-rs/canvas-linux-riscv64-gnu": "0.1.69", "@napi-rs/canvas-linux-x64-gnu": "0.1.69", "@napi-rs/canvas-linux-x64-musl": "0.1.69", "@napi-rs/canvas-win32-x64-msvc": "0.1.69" } }, "sha512-ydvNeJMRm+l3T14yCoUKqjYQiEdXDq1isznI93LEBGYssXKfSaLNLHOkeM4z9Fnw9Pkt2EKOCAtW9cS4b00Zcg=="],

    "@napi-rs/canvas-android-arm64": ["@napi-rs/canvas-android-arm64@0.1.69", "https://registry.npmmirror.com/@napi-rs/canvas-android-arm64/-/canvas-android-arm64-0.1.69.tgz", { "os": "android", "cpu": "arm64" }, "sha512-4icWTByY8zPvM9SelfQKf3I6kwXw0aI5drBOVrwfER5kjwXJd78FPSDSZkxDHjvIo9Q86ljl18Yr963ehA4sHQ=="],

    "@napi-rs/canvas-darwin-arm64": ["@napi-rs/canvas-darwin-arm64@0.1.69", "https://registry.npmmirror.com/@napi-rs/canvas-darwin-arm64/-/canvas-darwin-arm64-0.1.69.tgz", { "os": "darwin", "cpu": "arm64" }, "sha512-HOanhhYlHdukA+unjelT4Dg3ta7e820x87/AG2dKUMsUzH19jaeZs9bcYjzEy2vYi/dFWKz7cSv2yaIOudB8Yg=="],

    "@napi-rs/canvas-darwin-x64": ["@napi-rs/canvas-darwin-x64@0.1.69", "https://registry.npmmirror.com/@napi-rs/canvas-darwin-x64/-/canvas-darwin-x64-0.1.69.tgz", { "os": "darwin", "cpu": "x64" }, "sha512-SIp7WfhxAPnSVK9bkFfJp+84rbATCIq9jMUzDwpCLhQ+v+OqtXe4pggX1oeV+62/HK6BT1t18qRmJfyqwJ9f3g=="],

    "@napi-rs/canvas-linux-arm-gnueabihf": ["@napi-rs/canvas-linux-arm-gnueabihf@0.1.69", "https://registry.npmmirror.com/@napi-rs/canvas-linux-arm-gnueabihf/-/canvas-linux-arm-gnueabihf-0.1.69.tgz", { "os": "linux", "cpu": "arm" }, "sha512-Ls+KujCp6TGpkuMVFvrlx+CxtL+casdkrprFjqIuOAnB30Mct6bCEr+I83Tu29s3nNq4EzIGjdmA3fFAZG/Dtw=="],

    "@napi-rs/canvas-linux-arm64-gnu": ["@napi-rs/canvas-linux-arm64-gnu@0.1.69", "https://registry.npmmirror.com/@napi-rs/canvas-linux-arm64-gnu/-/canvas-linux-arm64-gnu-0.1.69.tgz", { "os": "linux", "cpu": "arm64" }, "sha512-m8VcGmeSBNRbHZBd1srvdM1aq/ScS2y8KqGqmCCEgJlytYK4jdULzAo2K/BPKE1v3xvn8oUPZDLI/NBJbJkEoA=="],

    "@napi-rs/canvas-linux-arm64-musl": ["@napi-rs/canvas-linux-arm64-musl@0.1.69", "https://registry.npmmirror.com/@napi-rs/canvas-linux-arm64-musl/-/canvas-linux-arm64-musl-0.1.69.tgz", { "os": "linux", "cpu": "arm64" }, "sha512-a3xjNRIeK2m2ZORGv2moBvv3vbkaFZG1QKMeiEv/BKij+rkztuEhTJGMar+buICFgS0fLgphXXsKNkUSJb7eRQ=="],

    "@napi-rs/canvas-linux-riscv64-gnu": ["@napi-rs/canvas-linux-riscv64-gnu@0.1.69", "https://registry.npmmirror.com/@napi-rs/canvas-linux-riscv64-gnu/-/canvas-linux-riscv64-gnu-0.1.69.tgz", { "os": "linux", "cpu": "none" }, "sha512-pClUoJF5wdC9AvD0mc15G9JffL1Q85nuH1rLSQPRkGmGmQOtRjw5E9xNbanz7oFUiPbjH7xcAXUjVAcf7tdgPQ=="],

    "@napi-rs/canvas-linux-x64-gnu": ["@napi-rs/canvas-linux-x64-gnu@0.1.69", "https://registry.npmmirror.com/@napi-rs/canvas-linux-x64-gnu/-/canvas-linux-x64-gnu-0.1.69.tgz", { "os": "linux", "cpu": "x64" }, "sha512-96X3bFAmzemfw84Ts6Jg/omL86uuynvK06MWGR/mp3JYNumY9RXofA14eF/kJIYelbYFWXcwpbcBR71lJ6G/YQ=="],

    "@napi-rs/canvas-linux-x64-musl": ["@napi-rs/canvas-linux-x64-musl@0.1.69", "https://registry.npmmirror.com/@napi-rs/canvas-linux-x64-musl/-/canvas-linux-x64-musl-0.1.69.tgz", { "os": "linux", "cpu": "x64" }, "sha512-2QTsEFO72Kwkj53W9hc5y1FAUvdGx0V+pjJB+9oQF6Ys9+y989GyPIl5wZDzeh8nIJW6koZZ1eFa8pD+pA5BFQ=="],

    "@napi-rs/canvas-win32-x64-msvc": ["@napi-rs/canvas-win32-x64-msvc@0.1.69", "https://registry.npmmirror.com/@napi-rs/canvas-win32-x64-msvc/-/canvas-win32-x64-msvc-0.1.69.tgz", { "os": "win32", "cpu": "x64" }, "sha512-Q4YA8kVnKarApBVLu7F8icGlIfSll5Glswo5hY6gPS4Is2dCI8+ig9OeDM8RlwYevUIxKq8lZBypN8Q1iLAQ7w=="],

    "@napi-rs/wasm-runtime": ["@napi-rs/wasm-runtime@0.2.8", "https://registry.npmmirror.com/@napi-rs/wasm-runtime/-/wasm-runtime-0.2.8.tgz", { "dependencies": { "@emnapi/core": "^1.4.0", "@emnapi/runtime": "^1.4.0", "@tybys/wasm-util": "^0.9.0" } }, "sha512-OBlgKdX7gin7OIq4fadsjpg+cp2ZphvAIKucHsNfTdJiqdOmOEwQd/bHi0VwNrcw5xpBJyUw6cK/QilCqy1BSg=="],

    "@node-rs/jieba": ["@node-rs/jieba@2.0.1", "https://registry.npmmirror.com/@node-rs/jieba/-/jieba-2.0.1.tgz", { "optionalDependencies": { "@node-rs/jieba-android-arm-eabi": "2.0.1", "@node-rs/jieba-android-arm64": "2.0.1", "@node-rs/jieba-darwin-arm64": "2.0.1", "@node-rs/jieba-darwin-x64": "2.0.1", "@node-rs/jieba-freebsd-x64": "2.0.1", "@node-rs/jieba-linux-arm-gnueabihf": "2.0.1", "@node-rs/jieba-linux-arm64-gnu": "2.0.1", "@node-rs/jieba-linux-arm64-musl": "2.0.1", "@node-rs/jieba-linux-x64-gnu": "2.0.1", "@node-rs/jieba-linux-x64-musl": "2.0.1", "@node-rs/jieba-wasm32-wasi": "2.0.1", "@node-rs/jieba-win32-arm64-msvc": "2.0.1", "@node-rs/jieba-win32-ia32-msvc": "2.0.1", "@node-rs/jieba-win32-x64-msvc": "2.0.1" } }, "sha512-tnfzXOMqzVQF2dSKMhPC9HrHzzWmN6KheL/zYtGenhOpq/bCKHJWVASSggEnHlkmHgXGeIJHR2N/IuPzewz1BQ=="],

    "@node-rs/jieba-android-arm-eabi": ["@node-rs/jieba-android-arm-eabi@2.0.1", "https://registry.npmmirror.com/@node-rs/jieba-android-arm-eabi/-/jieba-android-arm-eabi-2.0.1.tgz", { "os": "android", "cpu": "arm" }, "sha512-tavsIaxybnlA9tRbJ+oc3NW3zhx0d5rNiCGdpIdGWjflwS7HyeUTVAZmAFDlg58Mc6EjTdVKZH+RolBbAJtgcQ=="],

    "@node-rs/jieba-android-arm64": ["@node-rs/jieba-android-arm64@2.0.1", "https://registry.npmmirror.com/@node-rs/jieba-android-arm64/-/jieba-android-arm64-2.0.1.tgz", { "os": "android", "cpu": "arm64" }, "sha512-AwdyqKvVNuSDnDq3anUfq+nJ5J/kzXjkfbr/1WY6TfaAlTNuuGVskuQv72/wIx/jn7NoXfm/UPuJrWYG16NC6w=="],

    "@node-rs/jieba-darwin-arm64": ["@node-rs/jieba-darwin-arm64@2.0.1", "https://registry.npmmirror.com/@node-rs/jieba-darwin-arm64/-/jieba-darwin-arm64-2.0.1.tgz", { "os": "darwin", "cpu": "arm64" }, "sha512-10+nwGQ6KzXXJlIL/sELA6Fi6m7eJ7xJksBiKuw1kxKUgaJwtVfAG0iqRF+NRQv0Sdq7r3k5ew9K9y0+IYaEcA=="],

    "@node-rs/jieba-darwin-x64": ["@node-rs/jieba-darwin-x64@2.0.1", "https://registry.npmmirror.com/@node-rs/jieba-darwin-x64/-/jieba-darwin-x64-2.0.1.tgz", { "os": "darwin", "cpu": "x64" }, "sha512-IJ5RK0X/uPQa1XRmTvwKSieya+w1IJeiKLw0EekoBFJKybXQdvo8/uqM/8z2eVJ8vQxW9X6K2vkVGFvYQa9dYA=="],

    "@node-rs/jieba-freebsd-x64": ["@node-rs/jieba-freebsd-x64@2.0.1", "https://registry.npmmirror.com/@node-rs/jieba-freebsd-x64/-/jieba-freebsd-x64-2.0.1.tgz", { "os": "freebsd", "cpu": "x64" }, "sha512-yg7vyhqzP2weJu5DJ3q9q4pb0b4GWWRwcv54zK7MSSA6KNJ/uQv2a4R9/qmptLU/fZv14gWuJBEMFdL7y1Dv2w=="],

    "@node-rs/jieba-linux-arm-gnueabihf": ["@node-rs/jieba-linux-arm-gnueabihf@2.0.1", "https://registry.npmmirror.com/@node-rs/jieba-linux-arm-gnueabihf/-/jieba-linux-arm-gnueabihf-2.0.1.tgz", { "os": "linux", "cpu": "arm" }, "sha512-fxQYunS7w2tv8XV9GigkWJPzHnbcw6tjrUdDu5/qU0FdQVEzGuEYG85DjlNf8lZTDGSUKHBVyAQs7bBIvq8yqg=="],

    "@node-rs/jieba-linux-arm64-gnu": ["@node-rs/jieba-linux-arm64-gnu@2.0.1", "https://registry.npmmirror.com/@node-rs/jieba-linux-arm64-gnu/-/jieba-linux-arm64-gnu-2.0.1.tgz", { "os": "linux", "cpu": "arm64" }, "sha512-VnLU630hQIyO/fwyxh2vqZi72mO+hXkVUC3jVLPfOAlppinmsGX9N81tpTPUK3840hbV8WLtbYTWN1XodI38eg=="],

    "@node-rs/jieba-linux-arm64-musl": ["@node-rs/jieba-linux-arm64-musl@2.0.1", "https://registry.npmmirror.com/@node-rs/jieba-linux-arm64-musl/-/jieba-linux-arm64-musl-2.0.1.tgz", { "os": "linux", "cpu": "arm64" }, "sha512-K4EDyNixSLVdTNYnHwD+7I/ytvzpo7tt+vdCLqwQViiek2PMpL/FFRvA39uU2tk99jXIxvkczdxARG20BRZppg=="],

    "@node-rs/jieba-linux-x64-gnu": ["@node-rs/jieba-linux-x64-gnu@2.0.1", "https://registry.npmmirror.com/@node-rs/jieba-linux-x64-gnu/-/jieba-linux-x64-gnu-2.0.1.tgz", { "os": "linux", "cpu": "x64" }, "sha512-sq3J6L2ANTE25I9eVFq/nb57OtXcvUIeUD1CTKJxwgTKIVmcB2LyOZpWf20AjHRUfbMER9Klqg5dgyyO+Six+w=="],

    "@node-rs/jieba-linux-x64-musl": ["@node-rs/jieba-linux-x64-musl@2.0.1", "https://registry.npmmirror.com/@node-rs/jieba-linux-x64-musl/-/jieba-linux-x64-musl-2.0.1.tgz", { "os": "linux", "cpu": "x64" }, "sha512-0zfP9Qy68yEXrhBFknfhF6WUJDPU/8eRuyIrkMGdMjfRpxhpSbr2fMfnsqhOQLvhuK4w3iDFvTy4t5d0s6JKMA=="],

    "@node-rs/jieba-wasm32-wasi": ["@node-rs/jieba-wasm32-wasi@2.0.1", "https://registry.npmmirror.com/@node-rs/jieba-wasm32-wasi/-/jieba-wasm32-wasi-2.0.1.tgz", { "dependencies": { "@napi-rs/wasm-runtime": "^0.2.5" }, "cpu": "none" }, "sha512-7I5rJya5rlQNJIhv8PvPzIVT1/gVc0vFzHmlfRGwCPGDJ3tHVxkSPW34dDx3OgDmbIeadNpmgIyC1RaS9djPJg=="],

    "@node-rs/jieba-win32-arm64-msvc": ["@node-rs/jieba-win32-arm64-msvc@2.0.1", "https://registry.npmmirror.com/@node-rs/jieba-win32-arm64-msvc/-/jieba-win32-arm64-msvc-2.0.1.tgz", { "os": "win32", "cpu": "arm64" }, "sha512-Aj/2EwYSaPgAbKnSl+vKM/2kOaZNMZWnShiZzbSNyzlLy3eIOyOYVLbYRDno4547KngRxer8uzROhIQIwXwkvw=="],

    "@node-rs/jieba-win32-ia32-msvc": ["@node-rs/jieba-win32-ia32-msvc@2.0.1", "https://registry.npmmirror.com/@node-rs/jieba-win32-ia32-msvc/-/jieba-win32-ia32-msvc-2.0.1.tgz", { "os": "win32", "cpu": "ia32" }, "sha512-tpJt3uuBlGrcOInQLTYvcgamQgfadl5cwExLYU+CX9rXKpXLDO31dIujUDBgNWoiQq3tOiU1/AKbT7ZdNd4lBQ=="],

    "@node-rs/jieba-win32-x64-msvc": ["@node-rs/jieba-win32-x64-msvc@2.0.1", "https://registry.npmmirror.com/@node-rs/jieba-win32-x64-msvc/-/jieba-win32-x64-msvc-2.0.1.tgz", { "os": "win32", "cpu": "x64" }, "sha512-LDOyo2/2CO8UnpSGLJdgqtH8mOnsABPhNxkfIky7UT9cyLEzOaU44nbA5YzPGpBI3qzMbWcwJYQsjBcgK2VqAg=="],

    "@tybys/wasm-util": ["@tybys/wasm-util@0.9.0", "https://registry.npmmirror.com/@tybys/wasm-util/-/wasm-util-0.9.0.tgz", { "dependencies": { "tslib": "^2.4.0" } }, "sha512-6+7nlbMVX/PVDCwaIQ8nTOPveOcFLSt8GcXdx8hD0bt39uWxYT88uXzqTd4fTvqta7oeUJqudepapKNt2DYJFw=="],

    "@types/bun": ["@types/bun@1.2.8", "https://registry.npmmirror.com/@types/bun/-/bun-1.2.8.tgz", { "dependencies": { "bun-types": "1.2.7" } }, "sha512-t8L1RvJVUghW5V+M/fL3Thbxcs0HwNsXsnTEBEfEVqGteiJToOlZ/fyOEaR1kZsNqnu+3XA4RI/qmnX4w6+S+w=="],

    "@types/events": ["@types/events@3.0.0", "https://registry.npmmirror.com/@types/events/-/events-3.0.0.tgz", {}, "sha512-EaObqwIvayI5a8dCzhFrjKzVwKLxjoG9T6Ppd5CEo07LRKfQ8Yokw54r5+Wq7FaBQ+yXRvQAYPrHwya1/UFt9g=="],

    "@types/node": ["@types/node@22.13.11", "https://registry.npmmirror.com/@types/node/-/node-22.13.11.tgz", { "dependencies": { "undici-types": "~6.20.0" } }, "sha512-iEUCUJoU0i3VnrCmgoWCXttklWcvoCIx4jzcP22fioIVSdTmjgoEvmAO/QPw6TcS9k5FrNgn4w7q5lGOd1CT5g=="],

    "@types/ws": ["@types/ws@8.5.14", "https://registry.npmmirror.com/@types/ws/-/ws-8.5.14.tgz", { "dependencies": { "@types/node": "*" } }, "sha512-bd/YFLW+URhBzMXurx7lWByOu+xzU9+kb3RboOteXYDfW+tr+JZa99OyNmPINEGB/ahzKrEuc8rcv4gnpJmxTw=="],

    "asynckit": ["asynckit@0.4.0", "https://registry.npmmirror.com/asynckit/-/asynckit-0.4.0.tgz", {}, "sha512-Oei9OH4tRh0YqU3GxhX79dM/mwVgvbZJaSNaRk+bshkj0S5cfHcgYakreBjrHwatXKbz+IoIdYLxrKim2MjW0Q=="],

    "axios": ["axios@1.8.4", "https://registry.npmmirror.com/axios/-/axios-1.8.4.tgz", { "dependencies": { "follow-redirects": "^1.15.6", "form-data": "^4.0.0", "proxy-from-env": "^1.1.0" } }, "sha512-eBSYY4Y68NNlHbHBMdeDmKNtDgXWhQsJcGqzO3iLUM0GraQFSS9cVgPX5I9b3lbdFKyYoAEGAZF1DwhTaljNAw=="],

    "boolbase": ["boolbase@1.0.0", "https://registry.npmmirror.com/boolbase/-/boolbase-1.0.0.tgz", {}, "sha512-JZOSA7Mo9sNGB8+UjSgzdLtokWAky1zbztM3WRLCbZ70/3cTANmQmOdR7y2g+J0e2WXywy1yS468tY+IruqEww=="],

    "bun-types": ["bun-types@1.2.7", "https://registry.npmmirror.com/bun-types/-/bun-types-1.2.7.tgz", { "dependencies": { "@types/node": "*", "@types/ws": "*" } }, "sha512-P4hHhk7kjF99acXqKvltyuMQ2kf/rzIw3ylEDpCxDS9Xa0X0Yp/gJu/vDCucmWpiur5qJ0lwB2bWzOXa2GlHqA=="],

    "call-bind-apply-helpers": ["call-bind-apply-helpers@1.0.2", "https://registry.npmmirror.com/call-bind-apply-helpers/-/call-bind-apply-helpers-1.0.2.tgz", { "dependencies": { "es-errors": "^1.3.0", "function-bind": "^1.1.2" } }, "sha512-Sp1ablJ0ivDkSzjcaJdxEunN5/XvksFJ2sMBFfq6x0ryhQV/2b/KwFe21cMpmHtPOSij8K99/wSfoEuTObmuMQ=="],

    "cheerio": ["cheerio@1.0.0-rc.12", "https://registry.npmmirror.com/cheerio/-/cheerio-1.0.0-rc.12.tgz", { "dependencies": { "cheerio-select": "^2.1.0", "dom-serializer": "^2.0.0", "domhandler": "^5.0.3", "domutils": "^3.0.1", "htmlparser2": "^8.0.1", "parse5": "^7.0.0", "parse5-htmlparser2-tree-adapter": "^7.0.0" } }, "sha512-VqR8m68vM46BNnuZ5NtnGBKIE/DfN0cRIzg9n40EIq9NOv90ayxLBXA8fXC5gquFRGJSTRqBq25Jt2ECLR431Q=="],

    "cheerio-select": ["cheerio-select@2.1.0", "https://registry.npmmirror.com/cheerio-select/-/cheerio-select-2.1.0.tgz", { "dependencies": { "boolbase": "^1.0.0", "css-select": "^5.1.0", "css-what": "^6.1.0", "domelementtype": "^2.3.0", "domhandler": "^5.0.3", "domutils": "^3.0.1" } }, "sha512-9v9kG0LvzrlcungtnJtpGNxY+fzECQKhK4EGJX2vByejiMX84MFNQw4UxPJl3bFbTMw+Dfs37XaIkCwTZfLh4g=="],

    "combined-stream": ["combined-stream@1.0.8", "https://registry.npmmirror.com/combined-stream/-/combined-stream-1.0.8.tgz", { "dependencies": { "delayed-stream": "~1.0.0" } }, "sha512-FQN4MRfuJeHf7cBbBMJFXhKSDq+2kAArBlmRBvcvFE5BB1HZKXtSFASDhdlz9zOYwxh8lDdnvmMOe/+5cdoEdg=="],

    "croner": ["croner@9.0.0", "https://registry.npmmirror.com/croner/-/croner-9.0.0.tgz", {}, "sha512-onMB0OkDjkXunhdW9htFjEhqrD54+M94i6ackoUkjHKbRnXdyEyKRelp4nJ1kAz32+s27jP1FsebpJCVl0BsvA=="],

    "css-select": ["css-select@5.1.0", "https://registry.npmmirror.com/css-select/-/css-select-5.1.0.tgz", { "dependencies": { "boolbase": "^1.0.0", "css-what": "^6.1.0", "domhandler": "^5.0.2", "domutils": "^3.0.1", "nth-check": "^2.0.1" } }, "sha512-nwoRF1rvRRnnCqqY7updORDsuqKzqYJ28+oSMaJMMgOauh3fvwHqMS7EZpIPqK8GL+g9mKxF1vP/ZjSeNjEVHg=="],

    "css-what": ["css-what@6.1.0", "https://registry.npmmirror.com/css-what/-/css-what-6.1.0.tgz", {}, "sha512-HTUrgRJ7r4dsZKU6GjmpfRK1O76h97Z8MfS1G0FozR+oF2kG6Vfe8JE6zwrkbxigziPHinCJ+gCPjA9EaBDtRw=="],

    "delayed-stream": ["delayed-stream@1.0.0", "https://registry.npmmirror.com/delayed-stream/-/delayed-stream-1.0.0.tgz", {}, "sha512-ZySD7Nf91aLB0RxL4KGrKHBXl7Eds1DAmEdcoVawXnLD7SDhpNgtuII2aAkg7a7QS41jxPSZ17p4VdGnMHk3MQ=="],

    "dom-serializer": ["dom-serializer@2.0.0", "https://registry.npmmirror.com/dom-serializer/-/dom-serializer-2.0.0.tgz", { "dependencies": { "domelementtype": "^2.3.0", "domhandler": "^5.0.2", "entities": "^4.2.0" } }, "sha512-wIkAryiqt/nV5EQKqQpo3SToSOV9J0DnbJqwK7Wv/Trc92zIAYZ4FlMu+JPFW1DfGFt81ZTCGgDEabffXeLyJg=="],

    "domelementtype": ["domelementtype@2.3.0", "https://registry.npmmirror.com/domelementtype/-/domelementtype-2.3.0.tgz", {}, "sha512-OLETBj6w0OsagBwdXnPdN0cnMfF9opN69co+7ZrbfPGrdpPVNBUj02spi6B1N7wChLQiPn4CSH/zJvXw56gmHw=="],

    "domhandler": ["domhandler@5.0.3", "https://registry.npmmirror.com/domhandler/-/domhandler-5.0.3.tgz", { "dependencies": { "domelementtype": "^2.3.0" } }, "sha512-cgwlv/1iFQiFnU96XXgROh8xTeetsnJiDsTc7TYCLFd9+/WNkIqPTxiM/8pSd8VIrhXGTf1Ny1q1hquVqDJB5w=="],

    "domutils": ["domutils@3.2.2", "https://registry.npmmirror.com/domutils/-/domutils-3.2.2.tgz", { "dependencies": { "dom-serializer": "^2.0.0", "domelementtype": "^2.3.0", "domhandler": "^5.0.3" } }, "sha512-6kZKyUajlDuqlHKVX1w7gyslj9MPIXzIFiz/rGu35uC1wMi+kMhQwGhl4lt9unC9Vb9INnY9Z3/ZA3+FhASLaw=="],

    "dunder-proto": ["dunder-proto@1.0.1", "https://registry.npmmirror.com/dunder-proto/-/dunder-proto-1.0.1.tgz", { "dependencies": { "call-bind-apply-helpers": "^1.0.1", "es-errors": "^1.3.0", "gopd": "^1.2.0" } }, "sha512-KIN/nDJBQRcXw0MLVhZE9iQHmG68qAVIBg9CqmUYjmQIhgij9U5MFvrqkUL5FbtyyzZuOeOt0zdeRe4UY7ct+A=="],

    "entities": ["entities@6.0.0", "https://registry.npmmirror.com/entities/-/entities-6.0.0.tgz", {}, "sha512-aKstq2TDOndCn4diEyp9Uq/Flu2i1GlLkc6XIDQSDMuaFE3OPW5OphLCyQ5SpSJZTb4reN+kTcYru5yIfXoRPw=="],

    "es-define-property": ["es-define-property@1.0.1", "https://registry.npmmirror.com/es-define-property/-/es-define-property-1.0.1.tgz", {}, "sha512-e3nRfgfUZ4rNGL232gUgX06QNyyez04KdjFrF+LTRoOXmrOgFKDg4BCdsjW8EnT69eqdYGmRpJwiPVYNrCaW3g=="],

    "es-errors": ["es-errors@1.3.0", "https://registry.npmmirror.com/es-errors/-/es-errors-1.3.0.tgz", {}, "sha512-Zf5H2Kxt2xjTvbJvP2ZWLEICxA6j+hAmMzIlypy4xcBg1vKVnx89Wy0GbS+kf5cwCVFFzdCFh2XSCFNULS6csw=="],

    "es-object-atoms": ["es-object-atoms@1.1.1", "https://registry.npmmirror.com/es-object-atoms/-/es-object-atoms-1.1.1.tgz", { "dependencies": { "es-errors": "^1.3.0" } }, "sha512-FGgH2h8zKNim9ljj7dankFPcICIK9Cp5bm+c2gQSYePhpaG5+esrLODihIorn+Pe6FGJzWhXQotPv73jTaldXA=="],

    "es-set-tostringtag": ["es-set-tostringtag@2.1.0", "https://registry.npmmirror.com/es-set-tostringtag/-/es-set-tostringtag-2.1.0.tgz", { "dependencies": { "es-errors": "^1.3.0", "get-intrinsic": "^1.2.6", "has-tostringtag": "^1.0.2", "hasown": "^2.0.2" } }, "sha512-j6vWzfrGVfyXxge+O0x5sh6cvxAog0a/4Rdd2K36zCMV5eJ+/+tOAngRO8cODMNWbVRdVlmGZQL2YS3yR8bIUA=="],

    "follow-redirects": ["follow-redirects@1.15.9", "https://registry.npmmirror.com/follow-redirects/-/follow-redirects-1.15.9.tgz", {}, "sha512-gew4GsXizNgdoRyqmyfMHyAmXsZDk6mHkSxZFCzW9gwlbtOW44CDtYavM+y+72qD/Vq2l550kMF52DT8fOLJqQ=="],

    "form-data": ["form-data@4.0.2", "https://registry.npmmirror.com/form-data/-/form-data-4.0.2.tgz", { "dependencies": { "asynckit": "^0.4.0", "combined-stream": "^1.0.8", "es-set-tostringtag": "^2.1.0", "mime-types": "^2.1.12" } }, "sha512-hGfm/slu0ZabnNt4oaRZ6uREyfCj6P4fT/n6A1rGV+Z0VdGXjfOhVUpkn6qVQONHGIFwmveGXyDs75+nr6FM8w=="],

    "function-bind": ["function-bind@1.1.2", "https://registry.npmmirror.com/function-bind/-/function-bind-1.1.2.tgz", {}, "sha512-7XHNxH7qX9xG5mIwxkhumTox/MIRNcOgDrxWsMt2pAr23WHp6MrRlN7FBSFpCpr+oVO0F744iUgR82nJMfG2SA=="],

    "get-intrinsic": ["get-intrinsic@1.3.0", "https://registry.npmmirror.com/get-intrinsic/-/get-intrinsic-1.3.0.tgz", { "dependencies": { "call-bind-apply-helpers": "^1.0.2", "es-define-property": "^1.0.1", "es-errors": "^1.3.0", "es-object-atoms": "^1.1.1", "function-bind": "^1.1.2", "get-proto": "^1.0.1", "gopd": "^1.2.0", "has-symbols": "^1.1.0", "hasown": "^2.0.2", "math-intrinsics": "^1.1.0" } }, "sha512-9fSjSaos/fRIVIp+xSJlE6lfwhES7LNtKaCBIamHsjr2na1BiABJPo0mOjjz8GJDURarmCPGqaiVg5mfjb98CQ=="],

    "get-proto": ["get-proto@1.0.1", "https://registry.npmmirror.com/get-proto/-/get-proto-1.0.1.tgz", { "dependencies": { "dunder-proto": "^1.0.1", "es-object-atoms": "^1.0.0" } }, "sha512-sTSfBjoXBp89JvIKIefqw7U2CCebsc74kiY6awiGogKtoSGbgjYE/G/+l9sF3MWFPNc9IcoOC4ODfKHfxFmp0g=="],

    "google-sr": ["google-sr@5.0.0", "https://registry.npmmirror.com/google-sr/-/google-sr-5.0.0.tgz", { "dependencies": { "axios": "^1.4.0", "cheerio": "1.0.0-rc.12", "google-sr-selectors": "^2.0.0" } }, "sha512-I3Wj6QIT73P9lJ5jfuga/NS2KdNz11nCj+84ZIS5qHQI8vPkwfqsEbhOqzGhodIwtHZfMGNQG86+0EzKG6ZtHg=="],

    "google-sr-selectors": ["google-sr-selectors@2.0.0", "https://registry.npmmirror.com/google-sr-selectors/-/google-sr-selectors-2.0.0.tgz", {}, "sha512-F4wugHiBWu+TEs52ruliMQ0kTm70KVxC9om3GzKZVDR0mAEgAstVFfVPFo3peo64eVLeY1l+doGhVuckf7bw/w=="],

    "gopd": ["gopd@1.2.0", "https://registry.npmmirror.com/gopd/-/gopd-1.2.0.tgz", {}, "sha512-ZUKRh6/kUFoAiTAtTYPZJ3hw9wNxx+BIBOijnlG9PnrJsCcSjs1wyyD6vJpaYtgnzDrKYRSqf3OO6Rfa93xsRg=="],

    "has-symbols": ["has-symbols@1.1.0", "https://registry.npmmirror.com/has-symbols/-/has-symbols-1.1.0.tgz", {}, "sha512-1cDNdwJ2Jaohmb3sg4OmKaMBwuC48sYni5HUw2DvsC8LjGTLK9h+eb1X6RyuOHe4hT0ULCW68iomhjUoKUqlPQ=="],

    "has-tostringtag": ["has-tostringtag@1.0.2", "https://registry.npmmirror.com/has-tostringtag/-/has-tostringtag-1.0.2.tgz", { "dependencies": { "has-symbols": "^1.0.3" } }, "sha512-NqADB8VjPFLM2V0VvHUewwwsw0ZWBaIdgo+ieHtK3hasLz4qeCRjYcqfB6AQrBggRKppKF8L52/VqdVsO47Dlw=="],

    "hasown": ["hasown@2.0.2", "https://registry.npmmirror.com/hasown/-/hasown-2.0.2.tgz", { "dependencies": { "function-bind": "^1.1.2" } }, "sha512-0hJU9SCPvmMzIBdZFqNPXWa6dqh7WdH0cII9y+CyS8rG3nL48Bclra9HmKhVVUHyPWNH5Y7xDwAB7bfgSjkUMQ=="],

    "htmlparser2": ["htmlparser2@10.0.0", "https://registry.npmmirror.com/htmlparser2/-/htmlparser2-10.0.0.tgz", { "dependencies": { "domelementtype": "^2.3.0", "domhandler": "^5.0.3", "domutils": "^3.2.1", "entities": "^6.0.0" } }, "sha512-TwAZM+zE5Tq3lrEHvOlvwgj1XLWQCtaaibSN11Q+gGBAS7Y1uZSWwXXRe4iF6OXnaq1riyQAPFOBtYc77Mxq0g=="],

    "long": ["long@5.2.3", "https://registry.npmmirror.com/long/-/long-5.2.3.tgz", {}, "sha512-lcHwpNoggQTObv5apGNCTdJrO69eHOZMi4BNC+rTLER8iHAqGrUVeLh/irVIM7zTw2bOXA8T6uNPeujwOLg/2Q=="],

    "math-intrinsics": ["math-intrinsics@1.1.0", "https://registry.npmmirror.com/math-intrinsics/-/math-intrinsics-1.1.0.tgz", {}, "sha512-/IXtbwEk5HTPyEwyKX6hGkYXxM9nbj64B+ilVJnC/R6B0pH5G4V3b0pVbL7DBj4tkhBAppbQUlf6F6Xl9LHu1g=="],

    "mime-db": ["mime-db@1.52.0", "https://registry.npmmirror.com/mime-db/-/mime-db-1.52.0.tgz", {}, "sha512-sPU4uV7dYlvtWJxwwxHD0PuihVNiE7TyAbQ5SWxDCB9mUYvOgroQOwYQQOKPJ8CIbE+1ETVlOoK1UC2nU3gYvg=="],

    "mime-types": ["mime-types@2.1.35", "https://registry.npmmirror.com/mime-types/-/mime-types-2.1.35.tgz", { "dependencies": { "mime-db": "1.52.0" } }, "sha512-ZDY+bPm5zTTF+YpCrAU9nK0UgICYPT0QtT1NZWFv4s++TNkcgVaT0g6+4R2uI4MjQjzysHB1zxuWL50hzaeXiw=="],

    "nth-check": ["nth-check@2.1.1", "https://registry.npmmirror.com/nth-check/-/nth-check-2.1.1.tgz", { "dependencies": { "boolbase": "^1.0.0" } }, "sha512-lqjrjmaOoAnWfMmBPL+XNnynZh2+swxiX3WUE0s4yEHI6m+AwrK2UZOimIRl3X/4QctVqS8AiZjFqyOGrMXb/w=="],

    "parse5": ["parse5@7.2.1", "https://registry.npmmirror.com/parse5/-/parse5-7.2.1.tgz", { "dependencies": { "entities": "^4.5.0" } }, "sha512-BuBYQYlv1ckiPdQi/ohiivi9Sagc9JG+Ozs0r7b/0iK3sKmrb0b9FdWdBbOdx6hBCM/F9Ir82ofnBhtZOjCRPQ=="],

    "parse5-htmlparser2-tree-adapter": ["parse5-htmlparser2-tree-adapter@7.1.0", "https://registry.npmmirror.com/parse5-htmlparser2-tree-adapter/-/parse5-htmlparser2-tree-adapter-7.1.0.tgz", { "dependencies": { "domhandler": "^5.0.3", "parse5": "^7.0.0" } }, "sha512-ruw5xyKs6lrpo9x9rCZqZZnIUntICjQAd0Wsmp396Ul9lN/h+ifgVV1x1gZHi8euej6wTfpqX8j+BFQxF0NS/g=="],

    "proxy-from-env": ["proxy-from-env@1.1.0", "https://registry.npmmirror.com/proxy-from-env/-/proxy-from-env-1.1.0.tgz", {}, "sha512-D+zkORCbA9f1tdWRK0RaCR3GPv50cMxcrz4X8k5LTSUD1Dkw47mKJEZQNunItRTkWwgtaUSo1RVFRIG9ZXiFYg=="],

    "tslib": ["tslib@2.8.1", "https://registry.npmmirror.com/tslib/-/tslib-2.8.1.tgz", {}, "sha512-oJFu94HQb+KVduSUQL7wnpmqnfmLsOA/nAh6b6EH0wCEoK0/mPeXU6c3wKDV83MkOuHPRHtSXKKU99IBazS/2w=="],

    "typescript": ["typescript@5.8.2", "https://registry.npmmirror.com/typescript/-/typescript-5.8.2.tgz", { "bin": { "tsc": "bin/tsc", "tsserver": "bin/tsserver" } }, "sha512-aJn6wq13/afZp/jT9QZmwEjDqqvSGp1VT5GVg+f/t6/oVyrgXM6BY1h9BRh/O5p3PlUPAe+WuiEZOmb/49RqoQ=="],

    "undici-types": ["undici-types@6.20.0", "https://registry.npmmirror.com/undici-types/-/undici-types-6.20.0.tgz", {}, "sha512-Ny6QZ2Nju20vw1SRHe3d9jVu6gJ+4e3+MMpqu7pqE5HT6WsTSlce++GQmK5UXS8mzV8DSYHrQH+Xrf2jVcuKNg=="],

    "@mtcute/html-parser/@mtcute/core": ["@mtcute/core@0.22.2", "https://registry.npmmirror.com/@mtcute/core/-/core-0.22.2.tgz", { "dependencies": { "@fuman/io": "0.0.8", "@fuman/net": "0.0.9", "@fuman/utils": "0.0.4", "@mtcute/file-id": "^0.22.0", "@mtcute/tl": "^200.0.0", "@mtcute/tl-runtime": "^0.22.0", "@types/events": "3.0.0", "long": "5.2.3" } }, "sha512-TgVOPnqcByc5utiyJv9wva7kuFpSr2Wz4lQGgXr7g8NOqsxjFVAVtYX2mmAUmWwOK6xlRrS9g6WsPdJd+Ym45g=="],

    "cheerio/htmlparser2": ["htmlparser2@8.0.2", "https://registry.npmmirror.com/htmlparser2/-/htmlparser2-8.0.2.tgz", { "dependencies": { "domelementtype": "^2.3.0", "domhandler": "^5.0.3", "domutils": "^3.0.1", "entities": "^4.4.0" } }, "sha512-GYdjWKDkbRLkZ5geuHs5NY1puJ+PXwP7+fHPRz06Eirsb9ugf6d8kkXav6ADhcODhFFPMIXyxkxSuMf3D6NCFA=="],

    "dom-serializer/entities": ["entities@4.5.0", "https://registry.npmmirror.com/entities/-/entities-4.5.0.tgz", {}, "sha512-V0hjH4dGPh9Ao5p0MoRY6BVqtwCjhz6vI5LT8AJ55H+4g9/4vbHx1I54fS0XuclLhDHArPQCiMjDxjaL8fPxhw=="],

    "parse5/entities": ["entities@4.5.0", "https://registry.npmmirror.com/entities/-/entities-4.5.0.tgz", {}, "sha512-V0hjH4dGPh9Ao5p0MoRY6BVqtwCjhz6vI5LT8AJ55H+4g9/4vbHx1I54fS0XuclLhDHArPQCiMjDxjaL8fPxhw=="],

    "cheerio/htmlparser2/entities": ["entities@4.5.0", "https://registry.npmmirror.com/entities/-/entities-4.5.0.tgz", {}, "sha512-V0hjH4dGPh9Ao5p0MoRY6BVqtwCjhz6vI5LT8AJ55H+4g9/4vbHx1I54fS0XuclLhDHArPQCiMjDxjaL8fPxhw=="],
  }
}
